hash: f14599870173ca144fecdbd00faab1a841e0d8ded07fde09ab2c02beb1c8c004
updated: 2017-04-19T22:20:53.854765706+02:00
imports:
- name: github.com/arangodb/go-driver
  version: 3828d5bf3b851460fd709c88aa531fe97684a2c4
  subpackages:
  - cluster
  - http
  - util
- name: github.com/BurntSushi/toml
  version: b26d9c308763d68093482582cea63d69be07a0f0
testImports: []
